
Microsoft Visual Studio Solution File, Format Version 12.00
# Visual Studio 2013
VisualStudioVersion = 12.0.21005.1
MinimumVisualStudioVersion = 10.0.40219.1
Project("{FAE04EC0-301F-11D3-BF4B-00C04F79EFBC}") = "PMNS", "PMNS\PMNS.csproj", "{B388EF87-0D26-4406-9128-4A18CCD75D82}"
	ProjectSection(ProjectDependencies) = postProject
		{94173F41-B6E9-4B7F-B063-F45C959139D0} = {94173F41-B6E9-4B7F-B063-F45C959139D0}
		{105E6642-5A14-4952-AFA9-C4CC7FDAC9EE} = {105E6642-5A14-4952-AFA9-C4CC7FDAC9EE}
	EndProjectSection
EndProject
Project("{FAE04EC0-301F-11D3-BF4B-00C04F79EFBC}") = "PMNS.Services", "PMNS.Services\PMNS.Services.csproj", "{631CD10D-9F8D-4551-BC99-D223A6AEDE14}"
EndProject
Project("{2150E333-8FDC-42A3-9474-1A3956D46DE8}") = ".nuget", ".nuget", "{9789912A-52DB-4761-853B-90C0AB816A06}"
	ProjectSection(SolutionItems) = preProject
		.nuget\NuGet.Config = .nuget\NuGet.Config
		.nuget\NuGet.exe = .nuget\NuGet.exe
		.nuget\NuGet.targets = .nuget\NuGet.targets
	EndProjectSection
EndProject
Project("{FAE04EC0-301F-11D3-BF4B-00C04F79EFBC}") = "PMNS.Entities", "PMNS.Entities\PMNS.Entities.csproj", "{94173F41-B6E9-4B7F-B063-F45C959139D0}"
EndProject
Project("{FAE04EC0-301F-11D3-BF4B-00C04F79EFBC}") = "PMNS.DAL", "PMNS.DAL\PMNS.DAL.csproj", "{105E6642-5A14-4952-AFA9-C4CC7FDAC9EE}"
EndProject
Global
	GlobalSection(SolutionConfigurationPlatforms) = preSolution
		Debug|Any CPU = Debug|Any CPU
		Release|Any CPU = Release|Any CPU
	EndGlobalSection
	GlobalSection(ProjectConfigurationPlatforms) = postSolution
		{B388EF87-0D26-4406-9128-4A18CCD75D82}.Debug|Any CPU.ActiveCfg = Debug|Any CPU
		{B388EF87-0D26-4406-9128-4A18CCD75D82}.Debug|Any CPU.Build.0 = Debug|Any CPU
		{B388EF87-0D26-4406-9128-4A18CCD75D82}.Release|Any CPU.ActiveCfg = Release|Any CPU
		{B388EF87-0D26-4406-9128-4A18CCD75D82}.Release|Any CPU.Build.0 = Release|Any CPU
		{631CD10D-9F8D-4551-BC99-D223A6AEDE14}.Debug|Any CPU.ActiveCfg = Debug|Any CPU
		{631CD10D-9F8D-4551-BC99-D223A6AEDE14}.Debug|Any CPU.Build.0 = Debug|Any CPU
		{631CD10D-9F8D-4551-BC99-D223A6AEDE14}.Release|Any CPU.ActiveCfg = Release|Any CPU
		{631CD10D-9F8D-4551-BC99-D223A6AEDE14}.Release|Any CPU.Build.0 = Release|Any CPU
		{94173F41-B6E9-4B7F-B063-F45C959139D0}.Debug|Any CPU.ActiveCfg = Debug|Any CPU
		{94173F41-B6E9-4B7F-B063-F45C959139D0}.Debug|Any CPU.Build.0 = Debug|Any CPU
		{94173F41-B6E9-4B7F-B063-F45C959139D0}.Release|Any CPU.ActiveCfg = Release|Any CPU
		{94173F41-B6E9-4B7F-B063-F45C959139D0}.Release|Any CPU.Build.0 = Release|Any CPU
		{105E6642-5A14-4952-AFA9-C4CC7FDAC9EE}.Debug|Any CPU.ActiveCfg = Debug|Any CPU
		{105E6642-5A14-4952-AFA9-C4CC7FDAC9EE}.Debug|Any CPU.Build.0 = Debug|Any CPU
		{105E6642-5A14-4952-AFA9-C4CC7FDAC9EE}.Release|Any CPU.ActiveCfg = Release|Any CPU
		{105E6642-5A14-4952-AFA9-C4CC7FDAC9EE}.Release|Any CPU.Build.0 = Release|Any CPU
	EndGlobalSection
	GlobalSection(SolutionProperties) = preSolution
		HideSolutionNode = FALSE
	EndGlobalSection
	GlobalSection(ExtensibilityGlobals) = postSolution
		EnterpriseLibraryConfigurationToolBinariesPath = packages\Unity.2.1.505.2\lib\NET35
	EndGlobalSection
EndGlobal
